{
  "name": "action-send-mail",
  "version": "1.0.0",
  "lockfileVersion": 2,
  "requires": true,
  "packages": {
    "": {
      "name": "action-send-mail",
      "version": "1.0.0",
      "license": "MIT",
      "dependencies": {
        "@actions/core": "^3.0.0",
        "nodemailer": "^6.4.17",
        "showdown": "^2.0.0"
      }
    },
    "node_modules/@actions/core": {
      "version": "3.0.1",
      "resolved": "https://registry.npmjs.org/@actions/core/-/core-3.0.1.tgz",
      "integrity": "sha512-a6d/Nwahm9fliVGRhdhofo40HjHQasUPusmc7vBfyky+7Z+P2A1J68zyFVaNcEclc/Se+eO595oAr5nwEIoIUA==",
      "dependencies": {
        "@actions/exec": "^3.0.0",
        "@actions/http-client": "^4.0.0"
      }
    },
    "node_modules/@actions/exec": {
      "version": "3.0.0",
      "resolved": "https://registry.npmjs.org/@actions/exec/-/exec-3.0.0.tgz",
      "integrity": "sha512-6xH/puSoNBXb72VPlZVm7vQ+svQpFyA96qdDBvhB8eNZOE8LtPf9L4oAsfzK/crCL8YZ+19fKYVnM63Sl+Xzlw==",
      "dependencies": {
        "@actions/io": "^3.0.2"
      }
    },
    "node_modules/@actions/http-client": {
      "version": "4.0.1",
      "resolved": "https://registry.npmjs.org/@actions/http-client/-/http-client-4.0.1.tgz",
      "integrity": "sha512-+Nvd1ImaOZBSoPbsUtEhv+1z99H12xzncCkz0a3RuehINE81FZSe2QTj3uvAPTcJX/SCzUQHQ0D1GrPMbrPitg==",
      "dependencies": {
        "tunnel": "^0.0.6",
        "undici": "^6.23.0"
      }
    },
    "node_modules/@actions/io": {
      "version": "3.0.2",
      "resolved": "https://registry.npmjs.org/@actions/io/-/io-3.0.2.tgz",
      "integrity": "sha512-nRBchcMM+QK1pdjO7/idu86rbJI5YHUKCvKs0KxnSYbVe3F51UfGxuZX4Qy/fWlp6l7gWFwIkrOzN+oUK03kfw=="
    },
    "node_modules/commander": {
      "version": "9.5.0",
      "resolved": "https://registry.npmjs.org/commander/-/commander-9.5.0.tgz",
      "integrity": "sha512-KRs7WVDKg86PWiuAqhDrAQnTXZKraVcCc6vFdL14qrZ/DcWwuRo7VoiYXalXO7S5GKpqYiVEwCbgFDfxNHKJBQ==",
      "engines": {
        "node": "^12.20.0 || >=14"
      }
    },
    "node_modules/nodemailer": {
      "version": "6.10.1",
      "resolved": "https://registry.npmjs.org/nodemailer/-/nodemailer-6.10.1.tgz",
      "integrity": "sha512-Z+iLaBGVaSjbIzQ4pX6XV41HrooLsQ10ZWPUehGmuantvzWoDVBnmsdUcOIDM1t+yPor5pDhVlDESgOMEGxhHA==",
      "engines": {
        "node": ">=6.0.0"
      }
    },
    "node_modules/showdown": {
      "version": "2.1.0",
      "resolved": "https://registry.npmjs.org/showdown/-/showdown-2.1.0.tgz",
      "integrity": "sha512-/6NVYu4U819R2pUIk79n67SYgJHWCce0a5xTP979WbNp0FL9MN1I1QK662IDU1b6JzKTvmhgI7T7JYIxBi3kMQ==",
      "dependencies": {
        "commander": "^9.0.0"
      },
      "bin": {
        "showdown": "bin/showdown.js"
      },
      "funding": {
        "type": "individual",
        "url": "https://www.paypal.me/tiviesantos"
      }
    },
    "node_modules/tunnel": {
      "version": "0.0.6",
      "resolved": "https://registry.npmjs.org/tunnel/-/tunnel-0.0.6.tgz",
      "integrity": "sha512-1h/Lnq9yajKY2PEbBadPXj3VxsDDu844OnaAo52UVmIzIvwwtBPIuNvkjuzBlTWpfJyUbG3ez0KSBibQkj4ojg==",
      "engines": {
        "node": ">=0.6.11 <=0.7.0 || >=0.7.3"
      }
    },
    "node_modules/undici": {
      "version": "6.28.1",
      "resolved": "https://registry.npmjs.org/undici/-/undici-6.28.1.tgz",
      "integrity": "sha512-zWpdTVD54H48CIybL0rWQ3ukpb9d23wM7eH5RtfdmeP70cWHNjtfo7P4vZX+5CoDcO53J4Pu5uXp7lNfjc6DRA==",
      "engines": {
        "node": ">=18.17"
      }
    }
  },
  "dependencies": {
    "@actions/core": {
      "version": "3.0.1",
      "resolved": "https://registry.npmjs.org/@actions/core/-/core-3.0.1.tgz",
      "integrity": "sha512-a6d/Nwahm9fliVGRhdhofo40HjHQasUPusmc7vBfyky+7Z+P2A1J68zyFVaNcEclc/Se+eO595oAr5nwEIoIUA==",
      "requires": {
        "@actions/exec": "^3.0.0",
        "@actions/http-client": "^4.0.0"
      }
    },
    "@actions/exec": {
      "version": "3.0.0",
      "resolved": "https://registry.npmjs.org/@actions/exec/-/exec-3.0.0.tgz",
      "integrity": "sha512-6xH/puSoNBXb72VPlZVm7vQ+svQpFyA96qdDBvhB8eNZOE8LtPf9L4oAsfzK/crCL8YZ+19fKYVnM63Sl+Xzlw==",
      "requires": {
        "@actions/io": "^3.0.2"
      }
    },
    "@actions/http-client": {
      "version": "4.0.1",
      "resolved": "https://registry.npmjs.org/@actions/http-client/-/http-client-4.0.1.tgz",
      "integrity": "sha512-+Nvd1ImaOZBSoPbsUtEhv+1z99H12xzncCkz0a3RuehINE81FZSe2QTj3uvAPTcJX/SCzUQHQ0D1GrPMbrPitg==",
      "requires": {
        "tunnel": "^0.0.6",
        "undici": "^6.23.0"
      }
    },
    "@actions/io": {
      "version": "3.0.2",
      "resolved": "https://registry.npmjs.org/@actions/io/-/io-3.0.2.tgz",
      "integrity": "sha512-nRBchcMM+QK1pdjO7/idu86rbJI5YHUKCvKs0KxnSYbVe3F51UfGxuZX4Qy/fWlp6l7gWFwIkrOzN+oUK03kfw=="
    },
    "commander": {
      "version": "9.5.0",
      "resolved": "https://registry.npmjs.org/commander/-/commander-9.5.0.tgz",
      "integrity": "sha512-KRs7WVDKg86PWiuAqhDrAQnTXZKraVcCc6vFdL14qrZ/DcWwuRo7VoiYXalXO7S5GKpqYiVEwCbgFDfxNHKJBQ=="
    },
    "nodemailer": {
      "version": "6.10.1",
      "resolved": "https://registry.npmjs.org/nodemailer/-/nodemailer-6.10.1.tgz",
      "integrity": "sha512-Z+iLaBGVaSjbIzQ4pX6XV41HrooLsQ10ZWPUehGmuantvzWoDVBnmsdUcOIDM1t+yPor5pDhVlDESgOMEGxhHA=="
    },
    "showdown": {
      "version": "2.1.0",
      "resolved": "https://registry.npmjs.org/showdown/-/showdown-2.1.0.tgz",
      "integrity": "sha512-/6NVYu4U819R2pUIk79n67SYgJHWCce0a5xTP979WbNp0FL9MN1I1QK662IDU1b6JzKTvmhgI7T7JYIxBi3kMQ==",
      "requires": {
        "commander": "^9.0.0"
      }
    },
    "tunnel": {
      "version": "0.0.6",
      "resolved": "https://registry.npmjs.org/tunnel/-/tunnel-0.0.6.tgz",
      "integrity": "sha512-1h/Lnq9yajKY2PEbBadPXj3VxsDDu844OnaAo52UVmIzIvwwtBPIuNvkjuzBlTWpfJyUbG3ez0KSBibQkj4ojg=="
    },
    "undici": {
      "version": "6.28.1",
      "resolved": "https://registry.npmjs.org/undici/-/undici-6.28.1.tgz",
      "integrity": "sha512-zWpdTVD54H48CIybL0rWQ3ukpb9d23wM7eH5RtfdmeP70cWHNjtfo7P4vZX+5CoDcO53J4Pu5uXp7lNfjc6DRA=="
    }
  }
}
